
Microsoft Visual Studio Solution File, Format Version 12.00
# Visual Studio Version 17
VisualStudioVersion = 17.0.31903.59
MinimumVisualStudioVersion = 10.0.40219.1
Project("{FAE04EC0-301F-11D3-BF4B-00C04F79EFBC}") = "WebAPI", "WebAPI\WebAPI.csproj", "{6212FBB4-43BC-4AD5-889A-B980D1671CEE}"
EndProject
Project("{FAE04EC0-301F-11D3-BF4B-00C04F79EFBC}") = "WebAPI.Tests", "WebAPI.Tests\WebAPI.Tests.csproj", "{2D652A15-AAE2-4312-B3E6-9A5DD470DB1C}"
EndProject
Project("{FAE04EC0-301F-11D3-BF4B-00C04F79EFBC}") = "Domain", "Domain\Domain.csproj", "{EAE2239D-403E-4CA0-9B86-8320DCF9788E}"
EndProject
Project("{FAE04EC0-301F-11D3-BF4B-00C04F79EFBC}") = "Application", "Application\Application.csproj", "{533B28D6-1BF6-4504-AC92-F67FE688230D}"
EndProject
Project("{FAE04EC0-301F-11D3-BF4B-00C04F79EFBC}") = "Application.Tests", "Application.Tests\Application.Tests.csproj", "{F16B0053-A905-414F-8D73-2AECCD177E9D}"
EndProject
Project("{FAE04EC0-301F-11D3-BF4B-00C04F79EFBC}") = "Infrastructure", "Infrastructure\Infrastructure.csproj", "{1CF65685-CF90-48E4-99C4-19658C80F227}"
EndProject
Project("{FAE04EC0-301F-11D3-BF4B-00C04F79EFBC}") = "Infrastructure.Tests", "Infrastructure.Tests\Infrastructure.Tests.csproj", "{6768E07A-4AF8-43A6-9A75-1C43CAFA2DAE}"
EndProject
Project("{FAE04EC0-301F-11D3-BF4B-00C04F79EFBC}") = "Domain.Tests", "Domain.Tests\Domain.Tests.csproj", "{DF5623C3-E6D9-4592-BBB4-E123E4D8A570}"
EndProject
Global
	GlobalSection(SolutionConfigurationPlatforms) = preSolution
		Debug|Any CPU = Debug|Any CPU
		Release|Any CPU = Release|Any CPU
	EndGlobalSection
	GlobalSection(SolutionProperties) = preSolution
		HideSolutionNode = FALSE
	EndGlobalSection
	GlobalSection(ProjectConfigurationPlatforms) = postSolution
		{6212FBB4-43BC-4AD5-889A-B980D1671CEE}.Debug|Any CPU.ActiveCfg = Debug|Any CPU
		{6212FBB4-43BC-4AD5-889A-B980D1671CEE}.Debug|Any CPU.Build.0 = Debug|Any CPU
		{6212FBB4-43BC-4AD5-889A-B980D1671CEE}.Release|Any CPU.ActiveCfg = Release|Any CPU
		{6212FBB4-43BC-4AD5-889A-B980D1671CEE}.Release|Any CPU.Build.0 = Release|Any CPU
		{2D652A15-AAE2-4312-B3E6-9A5DD470DB1C}.Debug|Any CPU.ActiveCfg = Debug|Any CPU
		{2D652A15-AAE2-4312-B3E6-9A5DD470DB1C}.Debug|Any CPU.Build.0 = Debug|Any CPU
		{2D652A15-AAE2-4312-B3E6-9A5DD470DB1C}.Release|Any CPU.ActiveCfg = Release|Any CPU
		{2D652A15-AAE2-4312-B3E6-9A5DD470DB1C}.Release|Any CPU.Build.0 = Release|Any CPU
		{EAE2239D-403E-4CA0-9B86-8320DCF9788E}.Debug|Any CPU.ActiveCfg = Debug|Any CPU
		{EAE2239D-403E-4CA0-9B86-8320DCF9788E}.Debug|Any CPU.Build.0 = Debug|Any CPU
		{EAE2239D-403E-4CA0-9B86-8320DCF9788E}.Release|Any CPU.ActiveCfg = Release|Any CPU
		{EAE2239D-403E-4CA0-9B86-8320DCF9788E}.Release|Any CPU.Build.0 = Release|Any CPU
		{533B28D6-1BF6-4504-AC92-F67FE688230D}.Debug|Any CPU.ActiveCfg = Debug|Any CPU
		{533B28D6-1BF6-4504-AC92-F67FE688230D}.Debug|Any CPU.Build.0 = Debug|Any CPU
		{533B28D6-1BF6-4504-AC92-F67FE688230D}.Release|Any CPU.ActiveCfg = Release|Any CPU
		{533B28D6-1BF6-4504-AC92-F67FE688230D}.Release|Any CPU.Build.0 = Release|Any CPU
		{F16B0053-A905-414F-8D73-2AECCD177E9D}.Debug|Any CPU.ActiveCfg = Debug|Any CPU
		{F16B0053-A905-414F-8D73-2AECCD177E9D}.Debug|Any CPU.Build.0 = Debug|Any CPU
		{F16B0053-A905-414F-8D73-2AECCD177E9D}.Release|Any CPU.ActiveCfg = Release|Any CPU
		{F16B0053-A905-414F-8D73-2AECCD177E9D}.Release|Any CPU.Build.0 = Release|Any CPU
		{1CF65685-CF90-48E4-99C4-19658C80F227}.Debug|Any CPU.ActiveCfg = Debug|Any CPU
		{1CF65685-CF90-48E4-99C4-19658C80F227}.Debug|Any CPU.Build.0 = Debug|Any CPU
		{1CF65685-CF90-48E4-99C4-19658C80F227}.Release|Any CPU.ActiveCfg = Release|Any CPU
		{1CF65685-CF90-48E4-99C4-19658C80F227}.Release|Any CPU.Build.0 = Release|Any CPU
		{6768E07A-4AF8-43A6-9A75-1C43CAFA2DAE}.Debug|Any CPU.ActiveCfg = Debug|Any CPU
		{6768E07A-4AF8-43A6-9A75-1C43CAFA2DAE}.Debug|Any CPU.Build.0 = Debug|Any CPU
		{6768E07A-4AF8-43A6-9A75-1C43CAFA2DAE}.Release|Any CPU.ActiveCfg = Release|Any CPU
		{6768E07A-4AF8-43A6-9A75-1C43CAFA2DAE}.Release|Any CPU.Build.0 = Release|Any CPU
		{DF5623C3-E6D9-4592-BBB4-E123E4D8A570}.Debug|Any CPU.ActiveCfg = Debug|Any CPU
		{DF5623C3-E6D9-4592-BBB4-E123E4D8A570}.Debug|Any CPU.Build.0 = Debug|Any CPU
		{DF5623C3-E6D9-4592-BBB4-E123E4D8A570}.Release|Any CPU.ActiveCfg = Release|Any CPU
		{DF5623C3-E6D9-4592-BBB4-E123E4D8A570}.Release|Any CPU.Build.0 = Release|Any CPU
	EndGlobalSection
EndGlobal
